// !$*UTF8*$!
{
	archiveVersion = 1;
	classes = {
	};
	objectVersion = 46;
	objects = {

/* Begin PBXBuildFile section */
		472452251A2C14BADF763800 /* libPods-SignificantDates.a in Frameworks */ = {isa = PBXBuildFile; fileRef = 159190995AF18E1C4FFB96A6 /* libPods-SignificantDates.a */; };
		710021351B8C85AB008A51C0 /* main.m in Sources */ = {isa = PBXBuildFile; fileRef = 710021341B8C85AB008A51C0 /* main.m */; };
		710021381B8C85AB008A51C0 /* AppDelegate.m in Sources */ = {isa = PBXBuildFile; fileRef = 710021371B8C85AB008A51C0 /* AppDelegate.m */; };
		7100213B1B8C85AB008A51C0 /* FirstViewController.m in Sources */ = {isa = PBXBuildFile; fileRef = 7100213A1B8C85AB008A51C0 /* FirstViewController.m */; };
		7100213E1B8C85AB008A51C0 /* SecondViewController.m in Sources */ = {isa = PBXBuildFile; fileRef = 7100213D1B8C85AB008A51C0 /* SecondViewController.m */; };
		710021411B8C85AB008A51C0 /* Main.storyboard in Resources */ = {isa = PBXBuildFile; fileRef = 7100213F1B8C85AB008A51C0 /* Main.storyboard */; };
		710021431B8C85AB008A51C0 /* Images.xcassets in Resources */ = {isa = PBXBuildFile; fileRef = 710021421B8C85AB008A51C0 /* Images.xcassets */; };
		710021461B8C85AC008A51C0 /* LaunchScreen.xib in Resources */ = {isa = PBXBuildFile; fileRef = 710021441B8C85AC008A51C0 /* LaunchScreen.xib */; };
		710021521B8C85AC008A51C0 /* SignificantDatesTests.m in Sources */ = {isa = PBXBuildFile; fileRef = 710021511B8C85AC008A51C0 /* SignificantDatesTests.m */; };
		7100215D1B8C9142008A51C0 /* SDCoreDataController.m in Sources */ = {isa = PBXBuildFile; fileRef = 7100215C1B8C9142008A51C0 /* SDCoreDataController.m */; };
		710021601B8C923B008A51C0 /* SignificantDates.xcdatamodeld in Sources */ = {isa = PBXBuildFile; fileRef = 7100215E1B8C923B008A51C0 /* SignificantDates.xcdatamodeld */; };
		710021641B8C93A1008A51C0 /* SDDateTableViewController.m in Sources */ = {isa = PBXBuildFile; fileRef = 710021631B8C93A1008A51C0 /* SDDateTableViewController.m */; };
		710021671B8C9635008A51C0 /* SDTableViewCell.m in Sources */ = {isa = PBXBuildFile; fileRef = 710021661B8C9635008A51C0 /* SDTableViewCell.m */; };
		7100216B1B8C99B7008A51C0 /* Birthday.m in Sources */ = {isa = PBXBuildFile; fileRef = 7100216A1B8C99B7008A51C0 /* Birthday.m */; };
		7100216E1B8C99B8008A51C0 /* Holiday.m in Sources */ = {isa = PBXBuildFile; fileRef = 7100216D1B8C99B8008A51C0 /* Holiday.m */; };
		710021711B8CA176008A51C0 /* SDAddDateViewController.m in Sources */ = {isa = PBXBuildFile; fileRef = 710021701B8CA176008A51C0 /* SDAddDateViewController.m */; };
		710021741B8CAA61008A51C0 /* SDDateDetailViewController.m in Sources */ = {isa = PBXBuildFile; fileRef = 710021731B8CAA61008A51C0 /* SDDateDetailViewController.m */; };
		7168FC731B8DB1A000B4A9B6 /* SDAFParseAPIClient.m in Sources */ = {isa = PBXBuildFile; fileRef = 7168FC721B8DB1A000B4A9B6 /* SDAFParseAPIClient.m */; };
		7168FC761B8DB6BA00B4A9B6 /* SDSyncEngine.m in Sources */ = {isa = PBXBuildFile; fileRef = 7168FC751B8DB6BA00B4A9B6 /* SDSyncEngine.m */; };
/* End PBXBuildFile section */

/* Begin PBXContainerItemProxy section */
		7100214C1B8C85AC008A51C0 /* PBXContainerItemProxy */ = {
			isa = PBXContainerItemProxy;
			containerPortal = 710021271B8C85AB008A51C0 /* Project object */;
			proxyType = 1;
			remoteGlobalIDString = 7100212E1B8C85AB008A51C0;
			remoteInfo = SignificantDates;
		};
/* End PBXContainerItemProxy section */

/* Begin PBXFileReference section */
		159190995AF18E1C4FFB96A6 /* libPods-SignificantDates.a */ = {isa = PBXFileReference; explicitFileType = archive.ar; includeInIndex = 0; path = "libPods-SignificantDates.a"; sourceTree = BUILT_PRODUCTS_DIR; };
		7100212F1B8C85AB008A51C0 /* SignificantDates.app */ = {isa = PBXFileReference; explicitFileType = wrapper.application; includeInIndex = 0; path = SignificantDates.app; sourceTree = BUILT_PRODUCTS_DIR; };
		710021331B8C85AB008A51C0 /* Info.plist */ = {isa = PBXFileReference; lastKnownFileType = text.plist.xml; path = Info.plist; sourceTree = "<group>"; };
		710021341B8C85AB008A51C0 /* main.m */ = {isa = PBXFileReference; lastKnownFileType = sourcecode.c.objc; path = main.m; sourceTree = "<group>"; };
		710021361B8C85AB008A51C0 /* AppDelegate.h */ = {isa = PBXFileReference; lastKnownFileType = sourcecode.c.h; path = AppDelegate.h; sourceTree = "<group>"; };
		710021371B8C85AB008A51C0 /* AppDelegate.m */ = {isa = PBXFileReference; lastKnownFileType = sourcecode.c.objc; path = AppDelegate.m; sourceTree = "<group>"; };
		710021391B8C85AB008A51C0 /* FirstViewController.h */ = {isa = PBXFileReference; lastKnownFileType = sourcecode.c.h; path = FirstViewController.h; sourceTree = "<group>"; };
		7100213A1B8C85AB008A51C0 /* FirstViewController.m */ = {isa = PBXFileReference; lastKnownFileType = sourcecode.c.objc; path = FirstViewController.m; sourceTree = "<group>"; };
		7100213C1B8C85AB008A51C0 /* SecondViewController.h */ = {isa = PBXFileReference; lastKnownFileType = sourcecode.c.h; path = SecondViewController.h; sourceTree = "<group>"; };
		7100213D1B8C85AB008A51C0 /* SecondViewController.m */ = {isa = PBXFileReference; lastKnownFileType = sourcecode.c.objc; path = SecondViewController.m; sourceTree = "<group>"; };
		710021401B8C85AB008A51C0 /* Base */ = {isa = PBXFileReference; lastKnownFileType = file.storyboard; name = Base; path = Base.lproj/Main.storyboard; sourceTree = "<group>"; };
		710021421B8C85AB008A51C0 /* Images.xcassets */ = {isa = PBXFileReference; lastKnownFileType = folder.assetcatalog; path = Images.xcassets; sourceTree = "<group>"; };
		710021451B8C85AC008A51C0 /* Base */ = {isa = PBXFileReference; lastKnownFileType = file.xib; name = Base; path = Base.lproj/LaunchScreen.xib; sourceTree = "<group>"; };
		7100214B1B8C85AC008A51C0 /* SignificantDatesTests.xctest */ = {isa = PBXFileReference; explicitFileType = wrapper.cfbundle; includeInIndex = 0; path = SignificantDatesTests.xctest; sourceTree = BUILT_PRODUCTS_DIR; };
		710021501B8C85AC008A51C0 /* Info.plist */ = {isa = PBXFileReference; lastKnownFileType = text.plist.xml; path = Info.plist; sourceTree = "<group>"; };
		710021511B8C85AC008A51C0 /* SignificantDatesTests.m */ = {isa = PBXFileReference; lastKnownFileType = sourcecode.c.objc; path = SignificantDatesTests.m; sourceTree = "<group>"; };
		7100215B1B8C9142008A51C0 /* SDCoreDataController.h */ = {isa = PBXFileReference; fileEncoding = 4; lastKnownFileType = sourcecode.c.h; path = SDCoreDataController.h; sourceTree = "<group>"; };
		7100215C1B8C9142008A51C0 /* SDCoreDataController.m */ = {isa = PBXFileReference; fileEncoding = 4; lastKnownFileType = sourcecode.c.objc; path = SDCoreDataController.m; sourceTree = "<group>"; };
		7100215F1B8C923B008A51C0 /* SignificantDates.xcdatamodel */ = {isa = PBXFileReference; lastKnownFileType = wrapper.xcdatamodel; path = SignificantDates.xcdatamodel; sourceTree = "<group>"; };
		710021611B8C927D008A51C0 /* PrefixHeader.pch */ = {isa = PBXFileReference; lastKnownFileType = sourcecode.c.h; path = PrefixHeader.pch; sourceTree = "<group>"; };
		710021621B8C93A1008A51C0 /* SDDateTableViewController.h */ = {isa = PBXFileReference; fileEncoding = 4; lastKnownFileType = sourcecode.c.h; path = SDDateTableViewController.h; sourceTree = "<group>"; };
		710021631B8C93A1008A51C0 /* SDDateTableViewController.m */ = {isa = PBXFileReference; fileEncoding = 4; lastKnownFileType = sourcecode.c.objc; path = SDDateTableViewController.m; sourceTree = "<group>"; };
		710021651B8C9635008A51C0 /* SDTableViewCell.h */ = {isa = PBXFileReference; fileEncoding = 4; lastKnownFileType = sourcecode.c.h; path = SDTableViewCell.h; sourceTree = "<group>"; };
		710021661B8C9635008A51C0 /* SDTableViewCell.m */ = {isa = PBXFileReference; fileEncoding = 4; lastKnownFileType = sourcecode.c.objc; path = SDTableViewCell.m; sourceTree = "<group>"; };
		710021691B8C99B7008A51C0 /* Birthday.h */ = {isa = PBXFileReference; fileEncoding = 4; lastKnownFileType = sourcecode.c.h; name = Birthday.h; path = Models/Birthday.h; sourceTree = "<group>"; };
		7100216A1B8C99B7008A51C0 /* Birthday.m */ = {isa = PBXFileReference; fileEncoding = 4; lastKnownFileType = sourcecode.c.objc; name = Birthday.m; path = Models/Birthday.m; sourceTree = "<group>"; };
		7100216C1B8C99B8008A51C0 /* Holiday.h */ = {isa = PBXFileReference; fileEncoding = 4; lastKnownFileType = sourcecode.c.h; name = Holiday.h; path = Models/Holiday.h; sourceTree = "<group>"; };
		7100216D1B8C99B8008A51C0 /* Holiday.m */ = {isa = PBXFileReference; fileEncoding = 4; lastKnownFileType = sourcecode.c.objc; name = Holiday.m; path = Models/Holiday.m; sourceTree = "<group>"; };
		7100216F1B8CA176008A51C0 /* SDAddDateViewController.h */ = {isa = PBXFileReference; fileEncoding = 4; lastKnownFileType = sourcecode.c.h; path = SDAddDateViewController.h; sourceTree = "<group>"; };
		710021701B8CA176008A51C0 /* SDAddDateViewController.m */ = {isa = PBXFileReference; fileEncoding = 4; lastKnownFileType = sourcecode.c.objc; path = SDAddDateViewController.m; sourceTree = "<group>"; };
		710021721B8CAA61008A51C0 /* SDDateDetailViewController.h */ = {isa = PBXFileReference; fileEncoding = 4; lastKnownFileType = sourcecode.c.h; path = SDDateDetailViewController.h; sourceTree = "<group>"; };
		710021731B8CAA61008A51C0 /* SDDateDetailViewController.m */ = {isa = PBXFileReference; fileEncoding = 4; lastKnownFileType = sourcecode.c.objc; path = SDDateDetailViewController.m; sourceTree = "<group>"; };
		7168FC711B8DB1A000B4A9B6 /* SDAFParseAPIClient.h */ = {isa = PBXFileReference; fileEncoding = 4; lastKnownFileType = sourcecode.c.h; path = SDAFParseAPIClient.h; sourceTree = "<group>"; };
		7168FC721B8DB1A000B4A9B6 /* SDAFParseAPIClient.m */ = {isa = PBXFileReference; fileEncoding = 4; lastKnownFileType = sourcecode.c.objc; path = SDAFParseAPIClient.m; sourceTree = "<group>"; };
		7168FC741B8DB6BA00B4A9B6 /* SDSyncEngine.h */ = {isa = PBXFileReference; fileEncoding = 4; lastKnownFileType = sourcecode.c.h; path = SDSyncEngine.h; sourceTree = "<group>"; };
		7168FC751B8DB6BA00B4A9B6 /* SDSyncEngine.m */ = {isa = PBXFileReference; fileEncoding = 4; lastKnownFileType = sourcecode.c.objc; path = SDSyncEngine.m; sourceTree = "<group>"; };
		A32D5FB7537AEBFEED045718 /* Pods-SignificantDates.debug.xcconfig */ = {isa = PBXFileReference; includeInIndex = 1; lastKnownFileType = text.xcconfig; name = "Pods-SignificantDates.debug.xcconfig"; path = "Pods/Target Support Files/Pods-SignificantDates/Pods-SignificantDates.debug.xcconfig"; sourceTree = "<group>"; };
		E0A223E87195B35625D81A4D /* Pods-SignificantDates.release.xcconfig */ = {isa = PBXFileReference; includeInIndex = 1; lastKnownFileType = text.xcconfig; name = "Pods-SignificantDates.release.xcconfig"; path = "Pods/Target Support Files/Pods-SignificantDates/Pods-SignificantDates.release.xcconfig"; sourceTree = "<group>"; };
/* End PBXFileReference section */

/* Begin PBXFrameworksBuildPhase section */
		7100212C1B8C85AB008A51C0 /* Frameworks */ = {
			isa = PBXFrameworksBuildPhase;
			buildActionMask = 2147483647;
			files = (
				472452251A2C14BADF763800 /* libPods-SignificantDates.a in Frameworks */,
			);
			runOnlyForDeploymentPostprocessing = 0;
		};
		710021481B8C85AC008A51C0 /* Frameworks */ = {
			isa = PBXFrameworksBuildPhase;
			buildActionMask = 2147483647;
			files = (
			);
			runOnlyForDeploymentPostprocessing = 0;
		};
/* End PBXFrameworksBuildPhase section */

/* Begin PBXGroup section */
		710021261B8C85AB008A51C0 = {
			isa = PBXGroup;
			children = (
				710021311B8C85AB008A51C0 /* SignificantDates */,
				7100214E1B8C85AC008A51C0 /* SignificantDatesTests */,
				710021301B8C85AB008A51C0 /* Products */,
				FA2DD5837BE2CA4D1A634EF8 /* Pods */,
				E4E58A8256BD193A09AD5F40 /* Frameworks */,
			);
			sourceTree = "<group>";
		};
		710021301B8C85AB008A51C0 /* Products */ = {
			isa = PBXGroup;
			children = (
				7100212F1B8C85AB008A51C0 /* SignificantDates.app */,
				7100214B1B8C85AC008A51C0 /* SignificantDatesTests.xctest */,
			);
			name = Products;
			sourceTree = "<group>";
		};
		710021311B8C85AB008A51C0 /* SignificantDates */ = {
			isa = PBXGroup;
			children = (
				710021681B8C997C008A51C0 /* Models */,
				710021361B8C85AB008A51C0 /* AppDelegate.h */,
				710021371B8C85AB008A51C0 /* AppDelegate.m */,
				710021391B8C85AB008A51C0 /* FirstViewController.h */,
				7100213A1B8C85AB008A51C0 /* FirstViewController.m */,
				7100213C1B8C85AB008A51C0 /* SecondViewController.h */,
				7100213D1B8C85AB008A51C0 /* SecondViewController.m */,
				7100213F1B8C85AB008A51C0 /* Main.storyboard */,
				710021421B8C85AB008A51C0 /* Images.xcassets */,
				710021441B8C85AC008A51C0 /* LaunchScreen.xib */,
				710021321B8C85AB008A51C0 /* Supporting Files */,
				7100215B1B8C9142008A51C0 /* SDCoreDataController.h */,
				7100215C1B8C9142008A51C0 /* SDCoreDataController.m */,
				7100215E1B8C923B008A51C0 /* SignificantDates.xcdatamodeld */,
				710021621B8C93A1008A51C0 /* SDDateTableViewController.h */,
				710021631B8C93A1008A51C0 /* SDDateTableViewController.m */,
				710021651B8C9635008A51C0 /* SDTableViewCell.h */,
				710021661B8C9635008A51C0 /* SDTableViewCell.m */,
				7100216F1B8CA176008A51C0 /* SDAddDateViewController.h */,
				710021701B8CA176008A51C0 /* SDAddDateViewController.m */,
				710021721B8CAA61008A51C0 /* SDDateDetailViewController.h */,
				710021731B8CAA61008A51C0 /* SDDateDetailViewController.m */,
				7168FC711B8DB1A000B4A9B6 /* SDAFParseAPIClient.h */,
				7168FC721B8DB1A000B4A9B6 /* SDAFParseAPIClient.m */,
				7168FC741B8DB6BA00B4A9B6 /* SDSyncEngine.h */,
				7168FC751B8DB6BA00B4A9B6 /* SDSyncEngine.m */,
			);
			path = SignificantDates;
			sourceTree = "<group>";
		};
		710021321B8C85AB008A51C0 /* Supporting Files */ = {
			isa = PBXGroup;
			children = (
				710021331B8C85AB008A51C0 /* Info.plist */,
				710021341B8C85AB008A51C0 /* main.m */,
				710021611B8C927D008A51C0 /* PrefixHeader.pch */,
			);
			name = "Supporting Files";
			sourceTree = "<group>";
		};
		7100214E1B8C85AC008A51C0 /* SignificantDatesTests */ = {
			isa = PBXGroup;
			children = (
				710021511B8C85AC008A51C0 /* SignificantDatesTests.m */,
				7100214F1B8C85AC008A51C0 /* Supporting Files */,
			);
			path = SignificantDatesTests;
			sourceTree = "<group>";
		};
		7100214F1B8C85AC008A51C0 /* Supporting Files */ = {
			isa = PBXGroup;
			children = (
				710021501B8C85AC008A51C0 /* Info.plist */,
			);
			name = "Supporting Files";
			sourceTree = "<group>";
		};
		710021681B8C997C008A51C0 /* Models */ = {
			isa = PBXGroup;
			children = (
				7100216C1B8C99B8008A51C0 /* Holiday.h */,
				7100216D1B8C99B8008A51C0 /* Holiday.m */,
				710021691B8C99B7008A51C0 /* Birthday.h */,
				7100216A1B8C99B7008A51C0 /* Birthday.m */,
			);
			name = Models;
			sourceTree = "<group>";
		};
		E4E58A8256BD193A09AD5F40 /* Frameworks */ = {
			isa = PBXGroup;
			children = (
				159190995AF18E1C4FFB96A6 /* libPods-SignificantDates.a */,
			);
			name = Frameworks;
			sourceTree = "<group>";
		};
		FA2DD5837BE2CA4D1A634EF8 /* Pods */ = {
			isa = PBXGroup;
			children = (
				A32D5FB7537AEBFEED045718 /* Pods-SignificantDates.debug.xcconfig */,
				E0A223E87195B35625D81A4D /* Pods-SignificantDates.release.xcconfig */,
			);
			name = Pods;
			sourceTree = "<group>";
		};
/* End PBXGroup section */

/* Begin PBXNativeTarget section */
		7100212E1B8C85AB008A51C0 /* SignificantDates */ = {
			isa = PBXNativeTarget;
			buildConfigurationList = 710021551B8C85AC008A51C0 /* Build configuration list for PBXNativeTarget "SignificantDates" */;
			buildPhases = (
				1897DC07B4865514C4E30B55 /* Check Pods Manifest.lock */,
				7100212B1B8C85AB008A51C0 /* Sources */,
				7100212C1B8C85AB008A51C0 /* Frameworks */,
				7100212D1B8C85AB008A51C0 /* Resources */,
				4B79ADE62BEE3DABE4984F2D /* Copy Pods Resources */,
			);
			buildRules = (
			);
			dependencies = (
			);
			name = SignificantDates;
			productName = SignificantDates;
			productReference = 7100212F1B8C85AB008A51C0 /* SignificantDates.app */;
			productType = "com.apple.product-type.application";
		};
		7100214A1B8C85AC008A51C0 /* SignificantDatesTests */ = {
			isa = PBXNativeTarget;
			buildConfigurationList = 710021581B8C85AC008A51C0 /* Build configuration list for PBXNativeTarget "SignificantDatesTests" */;
			buildPhases = (
				710021471B8C85AC008A51C0 /* Sources */,
				710021481B8C85AC008A51C0 /* Frameworks */,
				710021491B8C85AC008A51C0 /* Resources */,
			);
			buildRules = (
			);
			dependencies = (
				7100214D1B8C85AC008A51C0 /* PBXTargetDependency */,
			);
			name = SignificantDatesTests;
			productName = SignificantDatesTests;
			productReference = 7100214B1B8C85AC008A51C0 /* SignificantDatesTests.xctest */;
			productType = "com.apple.product-type.bundle.unit-test";
		};
/* End PBXNativeTarget section */

/* Begin PBXProject section */
		710021271B8C85AB008A51C0 /* Project object */ = {
			isa = PBXProject;
			attributes = {
				CLASSPREFIX = SD;
				LastUpgradeCheck = 0640;
				ORGANIZATIONNAME = "Vyacheslav Zavertanny";
				TargetAttributes = {
					7100212E1B8C85AB008A51C0 = {
						CreatedOnToolsVersion = 6.4;
					};
					7100214A1B8C85AC008A51C0 = {
						CreatedOnToolsVersion = 6.4;
						TestTargetID = 7100212E1B8C85AB008A51C0;
					};
				};
			};
			buildConfigurationList = 7100212A1B8C85AB008A51C0 /* Build configuration list for PBXProject "SignificantDates" */;
			compatibilityVersion = "Xcode 3.2";
			developmentRegion = English;
			hasScannedForEncodings = 0;
			knownRegions = (
				en,
				Base,
			);
			mainGroup = 710021261B8C85AB008A51C0;
			productRefGroup = 710021301B8C85AB008A51C0 /* Products */;
			projectDirPath = "";
			projectRoot = "";
			targets = (
				7100212E1B8C85AB008A51C0 /* SignificantDates */,
				7100214A1B8C85AC008A51C0 /* SignificantDatesTests */,
			);
		};
/* End PBXProject section */

/* Begin PBXResourcesBuildPhase section */
		7100212D1B8C85AB008A51C0 /* Resources */ = {
			isa = PBXResourcesBuildPhase;
			buildActionMask = 2147483647;
			files = (
				710021411B8C85AB008A51C0 /* Main.storyboard in Resources */,
				710021461B8C85AC008A51C0 /* LaunchScreen.xib in Resources */,
				710021431B8C85AB008A51C0 /* Images.xcassets in Resources */,
			);
			runOnlyForDeploymentPostprocessing = 0;
		};
		710021491B8C85AC008A51C0 /* Resources */ = {
			isa = PBXResourcesBuildPhase;
			buildActionMask = 2147483647;
			files = (
			);
			runOnlyForDeploymentPostprocessing = 0;
		};
/* End PBXResourcesBuildPhase section */

/* Begin PBXShellScriptBuildPhase section */
		1897DC07B4865514C4E30B55 /* Check Pods Manifest.lock */ = {
			isa = PBXShellScriptBuildPhase;
			buildActionMask = 2147483647;
			files = (
			);
			inputPaths = (
			);
			name = "Check Pods Manifest.lock";
			outputPaths = (
			);
			runOnlyForDeploymentPostprocessing = 0;
			shellPath = /bin/sh;
			shellScript = "diff \"${PODS_ROOT}/../Podfile.lock\" \"${PODS_ROOT}/Manifest.lock\" > /dev/null\nif [[ $? != 0 ]] ; then\n    cat << EOM\nerror: The sandbox is not in sync with the Podfile.lock. Run 'pod install' or update your CocoaPods installation.\nEOM\n    exit 1\nfi\n";
			showEnvVarsInLog = 0;
		};
		4B79ADE62BEE3DABE4984F2D /* Copy Pods Resources */ = {
			isa = PBXShellScriptBuildPhase;
			buildActionMask = 2147483647;
			files = (
			);
			inputPaths = (
			);
			name = "Copy Pods Resources";
			outputPaths = (
			);
			runOnlyForDeploymentPostprocessing = 0;
			shellPath = /bin/sh;
			shellScript = "\"${SRCROOT}/Pods/Target Support Files/Pods-SignificantDates/Pods-SignificantDates-resources.sh\"\n";
			showEnvVarsInLog = 0;
		};
/* End PBXShellScriptBuildPhase section */

/* Begin PBXSourcesBuildPhase section */
		7100212B1B8C85AB008A51C0 /* Sources */ = {
			isa = PBXSourcesBuildPhase;
			buildActionMask = 2147483647;
			files = (
				7100213E1B8C85AB008A51C0 /* SecondViewController.m in Sources */,
				710021601B8C923B008A51C0 /* SignificantDates.xcdatamodeld in Sources */,
				7168FC731B8DB1A000B4A9B6 /* SDAFParseAPIClient.m in Sources */,
				7168FC761B8DB6BA00B4A9B6 /* SDSyncEngine.m in Sources */,
				7100216E1B8C99B8008A51C0 /* Holiday.m in Sources */,
				710021381B8C85AB008A51C0 /* AppDelegate.m in Sources */,
				7100213B1B8C85AB008A51C0 /* FirstViewController.m in Sources */,
				7100215D1B8C9142008A51C0 /* SDCoreDataController.m in Sources */,
				710021741B8CAA61008A51C0 /* SDDateDetailViewController.m in Sources */,
				7100216B1B8C99B7008A51C0 /* Birthday.m in Sources */,
				710021351B8C85AB008A51C0 /* main.m in Sources */,
				710021671B8C9635008A51C0 /* SDTableViewCell.m in Sources */,
				710021641B8C93A1008A51C0 /* SDDateTableViewController.m in Sources */,
				710021711B8CA176008A51C0 /* SDAddDateViewController.m in Sources */,
			);
			runOnlyForDeploymentPostprocessing = 0;
		};
		710021471B8C85AC008A51C0 /* Sources */ = {
			isa = PBXSourcesBuildPhase;
			buildActionMask = 2147483647;
			files = (
				710021521B8C85AC008A51C0 /* SignificantDatesTests.m in Sources */,
			);
			runOnlyForDeploymentPostprocessing = 0;
		};
/* End PBXSourcesBuildPhase section */

/* Begin PBXTargetDependency section */
		7100214D1B8C85AC008A51C0 /* PBXTargetDependency */ = {
			isa = PBXTargetDependency;
			target = 7100212E1B8C85AB008A51C0 /* SignificantDates */;
			targetProxy = 7100214C1B8C85AC008A51C0 /* PBXContainerItemProxy */;
		};
/* End PBXTargetDependency section */

/* Begin PBXVariantGroup section */
		7100213F1B8C85AB008A51C0 /* Main.storyboard */ = {
			isa = PBXVariantGroup;
			children = (
				710021401B8C85AB008A51C0 /* Base */,
			);
			name = Main.storyboard;
			sourceTree = "<group>";
		};
		710021441B8C85AC008A51C0 /* LaunchScreen.xib */ = {
			isa = PBXVariantGroup;
			children = (
				710021451B8C85AC008A51C0 /* Base */,
			);
			name = LaunchScreen.xib;
			sourceTree = "<group>";
		};
/* End PBXVariantGroup section */

/* Begin XCBuildConfiguration section */
		710021531B8C85AC008A51C0 /* Debug */ = {
			isa = XCBuildConfiguration;
			buildSettings = {
				ALWAYS_SEARCH_USER_PATHS = NO;
				CLANG_CXX_LANGUAGE_STANDARD = "gnu++0x";
				CLANG_CXX_LIBRARY = "libc++";
				CLANG_ENABLE_MODULES = YES;
				CLANG_ENABLE_OBJC_ARC = YES;
				CLANG_WARN_BOOL_CONVERSION = YES;
				CLANG_WARN_CONSTANT_CONVERSION = YES;
				CLANG_WARN_DIRECT_OBJC_ISA_USAGE = YES_ERROR;
				CLANG_WARN_EMPTY_BODY = YES;
				CLANG_WARN_ENUM_CONVERSION = YES;
				CLANG_WARN_INT_CONVERSION = YES;
				CLANG_WARN_OBJC_ROOT_CLASS = YES_ERROR;
				CLANG_WARN_UNREACHABLE_CODE = YES;
				CLANG_WARN__DUPLICATE_METHOD_MATCH = YES;
				"CODE_SIGN_IDENTITY[sdk=iphoneos*]" = "iPhone Developer";
				COPY_PHASE_STRIP = NO;
				DEBUG_INFORMATION_FORMAT = "dwarf-with-dsym";
				ENABLE_STRICT_OBJC_MSGSEND = YES;
				GCC_C_LANGUAGE_STANDARD = gnu99;
				GCC_DYNAMIC_NO_PIC = NO;
				GCC_NO_COMMON_BLOCKS = YES;
				GCC_OPTIMIZATION_LEVEL = 0;
				GCC_PREPROCESSOR_DEFINITIONS = (
					"DEBUG=1",
					"$(inherited)",
				);
				GCC_SYMBOLS_PRIVATE_EXTERN = NO;
				GCC_WARN_64_TO_32_BIT_CONVERSION = YES;
				GCC_WARN_ABOUT_RETURN_TYPE = YES_ERROR;
				GCC_WARN_UNDECLARED_SELECTOR = YES;
				GCC_WARN_UNINITIALIZED_AUTOS = YES_AGGRESSIVE;
				GCC_WARN_UNUSED_FUNCTION = YES;
				GCC_WARN_UNUSED_VARIABLE = YES;
				IPHONEOS_DEPLOYMENT_TARGET = 8.4;
				MTL_ENABLE_DEBUG_INFO = YES;
				ONLY_ACTIVE_ARCH = YES;
				SDKROOT = iphoneos;
				TARGETED_DEVICE_FAMILY = "1,2";
			};
			name = Debug;
		};
		710021541B8C85AC008A51C0 /* Release */ = {
			isa = XCBuildConfiguration;
			buildSettings = {
				ALWAYS_SEARCH_USER_PATHS = NO;
				CLANG_CXX_LANGUAGE_STANDARD = "gnu++0x";
				CLANG_CXX_LIBRARY = "libc++";
				CLANG_ENABLE_MODULES = YES;
				CLANG_ENABLE_OBJC_ARC = YES;
				CLANG_WARN_BOOL_CONVERSION = YES;
				CLANG_WARN_CONSTANT_CONVERSION = YES;
				CLANG_WARN_DIRECT_OBJC_ISA_USAGE = YES_ERROR;
				CLANG_WARN_EMPTY_BODY = YES;
				CLANG_WARN_ENUM_CONVERSION = YES;
				CLANG_WARN_INT_CONVERSION = YES;
				CLANG_WARN_OBJC_ROOT_CLASS = YES_ERROR;
				CLANG_WARN_UNREACHABLE_CODE = YES;
				CLANG_WARN__DUPLICATE_METHOD_MATCH = YES;
				"CODE_SIGN_IDENTITY[sdk=iphoneos*]" = "iPhone Developer";
				COPY_PHASE_STRIP = NO;
				DEBUG_INFORMATION_FORMAT = "dwarf-with-dsym";
				ENABLE_NS_ASSERTIONS = NO;
				ENABLE_STRICT_OBJC_MSGSEND = YES;
				GCC_C_LANGUAGE_STANDARD = gnu99;
				GCC_NO_COMMON_BLOCKS = YES;
				GCC_WARN_64_TO_32_BIT_CONVERSION = YES;
				GCC_WARN_ABOUT_RETURN_TYPE = YES_ERROR;
				GCC_WARN_UNDECLARED_SELECTOR = YES;
				GCC_WARN_UNINITIALIZED_AUTOS = YES_AGGRESSIVE;
				GCC_WARN_UNUSED_FUNCTION = YES;
				GCC_WARN_UNUSED_VARIABLE = YES;
				IPHONEOS_DEPLOYMENT_TARGET = 8.4;
				MTL_ENABLE_DEBUG_INFO = NO;
				SDKROOT = iphoneos;
				TARGETED_DEVICE_FAMILY = "1,2";
				VALIDATE_PRODUCT = YES;
			};
			name = Release;
		};
		710021561B8C85AC008A51C0 /* Debug */ = {
			isa = XCBuildConfiguration;
			baseConfigurationReference = A32D5FB7537AEBFEED045718 /* Pods-SignificantDates.debug.xcconfig */;
			buildSettings = {
				ASSETCATALOG_COMPILER_APPICON_NAME = AppIcon;
				GCC_PREFIX_HEADER = SignificantDates/PrefixHeader.pch;
				INFOPLIST_FILE = SignificantDates/Info.plist;
				LD_RUNPATH_SEARCH_PATHS = "$(inherited) @executable_path/Frameworks";
				PRODUCT_NAME = "$(TARGET_NAME)";
			};
			name = Debug;
		};
		710021571B8C85AC008A51C0 /* Release */ = {
			isa = XCBuildConfiguration;
			baseConfigurationReference = E0A223E87195B35625D81A4D /* Pods-SignificantDates.release.xcconfig */;
			buildSettings = {
				ASSETCATALOG_COMPILER_APPICON_NAME = AppIcon;
				GCC_PREFIX_HEADER = SignificantDates/PrefixHeader.pch;
				INFOPLIST_FILE = SignificantDates/Info.plist;
				LD_RUNPATH_SEARCH_PATHS = "$(inherited) @executable_path/Frameworks";
				PRODUCT_NAME = "$(TARGET_NAME)";
			};
			name = Release;
		};
		710021591B8C85AC008A51C0 /* Debug */ = {
			isa = XCBuildConfiguration;
			buildSettings = {
				BUNDLE_LOADER = "$(TEST_HOST)";
				FRAMEWORK_SEARCH_PATHS = (
					"$(SDKROOT)/Developer/Library/Frameworks",
					"$(inherited)",
				);
				GCC_PREPROCESSOR_DEFINITIONS = (
					"DEBUG=1",
					"$(inherited)",
				);
				INFOPLIST_FILE = SignificantDatesTests/Info.plist;
				LD_RUNPATH_SEARCH_PATHS = "$(inherited) @executable_path/Frameworks @loader_path/Frameworks";
				PRODUCT_NAME = "$(TARGET_NAME)";
				TEST_HOST = "$(BUILT_PRODUCTS_DIR)/SignificantDates.app/SignificantDates";
			};
			name = Debug;
		};
		7100215A1B8C85AC008A51C0 /* Release */ = {
			isa = XCBuildConfiguration;
			buildSettings = {
				BUNDLE_LOADER = "$(TEST_HOST)";
				FRAMEWORK_SEARCH_PATHS = (
					"$(SDKROOT)/Developer/Library/Frameworks",
					"$(inherited)",
				);
				INFOPLIST_FILE = SignificantDatesTests/Info.plist;
				LD_RUNPATH_SEARCH_PATHS = "$(inherited) @executable_path/Frameworks @loader_path/Frameworks";
				PRODUCT_NAME = "$(TARGET_NAME)";
				TEST_HOST = "$(BUILT_PRODUCTS_DIR)/SignificantDates.app/SignificantDates";
			};
			name = Release;
		};
/* End XCBuildConfiguration section */

/* Begin XCConfigurationList section */
		7100212A1B8C85AB008A51C0 /* Build configuration list for PBXProject "SignificantDates" */ = {
			isa = XCConfigurationList;
			buildConfigurations = (
				710021531B8C85AC008A51C0 /* Debug */,
				710021541B8C85AC008A51C0 /* Release */,
			);
			defaultConfigurationIsVisible = 0;
			defaultConfigurationName = Release;
		};
		710021551B8C85AC008A51C0 /* Build configuration list for PBXNativeTarget "SignificantDates" */ = {
			isa = XCConfigurationList;
			buildConfigurations = (
				710021561B8C85AC008A51C0 /* Debug */,
				710021571B8C85AC008A51C0 /* Release */,
			);
			defaultConfigurationIsVisible = 0;
			defaultConfigurationName = Release;
		};
		710021581B8C85AC008A51C0 /* Build configuration list for PBXNativeTarget "SignificantDatesTests" */ = {
			isa = XCConfigurationList;
			buildConfigurations = (
				710021591B8C85AC008A51C0 /* Debug */,
				7100215A1B8C85AC008A51C0 /* Release */,
			);
			defaultConfigurationIsVisible = 0;
			defaultConfigurationName = Release;
		};
/* End XCConfigurationList section */

/* Begin XCVersionGroup section */
		7100215E1B8C923B008A51C0 /* SignificantDates.xcdatamodeld */ = {
			isa = XCVersionGroup;
			children = (
				7100215F1B8C923B008A51C0 /* SignificantDates.xcdatamodel */,
			);
			currentVersion = 7100215F1B8C923B008A51C0 /* SignificantDates.xcdatamodel */;
			path = SignificantDates.xcdatamodeld;
			sourceTree = "<group>";
			versionGroupType = wrapper.xcdatamodel;
		};
/* End XCVersionGroup section */
	};
	rootObject = 710021271B8C85AB008A51C0 /* Project object */;
}
